// !$*UTF8*$!
{
	archiveVersion = 1;
	classes = {
	};
	objectVersion = 46;
	objects = {

/* Begin PBXBuildFile section */
		16ad2690d75611a44caa267216c2de8b /* ofxOscMessage.cpp in Sources */ = {isa = PBXBuildFile; fileRef = ceb31fbf6a782b7a24af8c7bf90cda54 /* ofxOscMessage.cpp */; };
		1c19abcbd11f1508a4a783f75fd857f3 /* IpEndpointName.cpp in Sources */ = {isa = PBXBuildFile; fileRef = 61be6704d365b28894faf7d2a6a3e2cb /* IpEndpointName.cpp */; };
		2cd0bff8d1d4dde06a1d45c04965422e /* UdpSocketWin.cpp in Sources */ = {isa = PBXBuildFile; fileRef = 398a1e7c51c56f88d1e4cd825f5f3afe /* UdpSocketWin.cpp */; };
		2e00b1c9f92029e297dd0b7695d07429 /* OscOutboundPacketStream.cpp in Sources */ = {isa = PBXBuildFile; fileRef = 9c39518de24a425946c335971af13bbe /* OscOutboundPacketStream.cpp */; };
		3785a22b8efbabbd7b23e6f2b7ae0ebd /* OscTypes.cpp in Sources */ = {isa = PBXBuildFile; fileRef = c43e8aba65bc2f587109bb813d5e9107 /* OscTypes.cpp */; };
		7733102a165f3ef58830e0f09e790f7c /* OscReceivedElements.cpp in Sources */ = {isa = PBXBuildFile; fileRef = 5396921922631d07ed73e029089e0ef5 /* OscReceivedElements.cpp */; };
		916a506838dc204fefba4813a4eaffc3 /* ofxOscReceiver.cpp in Sources */ = {isa = PBXBuildFile; fileRef = 79c364d74defbaba08e4e9a29a5b5d58 /* ofxOscReceiver.cpp */; };
		BBAB23CB13894F3D00AA2426 /* GLUT.framework in CopyFiles */ = {isa = PBXBuildFile; fileRef = BBAB23BE13894E4700AA2426 /* GLUT.framework */; };
		E4328149138ABC9F0047C5CB /* openFrameworksDebug.a in Frameworks */ = {isa = PBXBuildFile; fileRef = E4328148138ABC890047C5CB /* openFrameworksDebug.a */; };
		E45BE97B0E8CC7DD009D7055 /* AGL.framework in Frameworks */ = {isa = PBXBuildFile; fileRef = E45BE9710E8CC7DD009D7055 /* AGL.framework */; };
		E45BE97C0E8CC7DD009D7055 /* ApplicationServices.framework in Frameworks */ = {isa = PBXBuildFile; fileRef = E45BE9720E8CC7DD009D7055 /* ApplicationServices.framework */; };
		E45BE97D0E8CC7DD009D7055 /* AudioToolbox.framework in Frameworks */ = {isa = PBXBuildFile; fileRef = E45BE9730E8CC7DD009D7055 /* AudioToolbox.framework */; };
		E45BE97E0E8CC7DD009D7055 /* Carbon.framework in Frameworks */ = {isa = PBXBuildFile; fileRef = E45BE9740E8CC7DD009D7055 /* Carbon.framework */; };
		E45BE97F0E8CC7DD009D7055 /* CoreAudio.framework in Frameworks */ = {isa = PBXBuildFile; fileRef = E45BE9750E8CC7DD009D7055 /* CoreAudio.framework */; };
		E45BE9800E8CC7DD009D7055 /* CoreFoundation.framework in Frameworks */ = {isa = PBXBuildFile; fileRef = E45BE9760E8CC7DD009D7055 /* CoreFoundation.framework */; };
		E45BE9810E8CC7DD009D7055 /* CoreServices.framework in Frameworks */ = {isa = PBXBuildFile; fileRef = E45BE9770E8CC7DD009D7055 /* CoreServices.framework */; };
		E45BE9830E8CC7DD009D7055 /* OpenGL.framework in Frameworks */ = {isa = PBXBuildFile; fileRef = E45BE9790E8CC7DD009D7055 /* OpenGL.framework */; };
		E45BE9840E8CC7DD009D7055 /* QuickTime.framework in Frameworks */ = {isa = PBXBuildFile; fileRef = E45BE97A0E8CC7DD009D7055 /* QuickTime.framework */; };
		E4B69E200A3A1BDC003C02F2 /* main.cpp in Sources */ = {isa = PBXBuildFile; fileRef = E4B69E1D0A3A1BDC003C02F2 /* main.cpp */; };
		E4B69E210A3A1BDC003C02F2 /* testApp.cpp in Sources */ = {isa = PBXBuildFile; fileRef = E4B69E1E0A3A1BDC003C02F2 /* testApp.cpp */; };
		E4C2424710CC5A17004149E2 /* AppKit.framework in Frameworks */ = {isa = PBXBuildFile; fileRef = E4C2424410CC5A17004149E2 /* AppKit.framework */; };
		E4C2424810CC5A17004149E2 /* Cocoa.framework in Frameworks */ = {isa = PBXBuildFile; fileRef = E4C2424510CC5A17004149E2 /* Cocoa.framework */; };
		E4C2424910CC5A17004149E2 /* IOKit.framework in Frameworks */ = {isa = PBXBuildFile; fileRef = E4C2424610CC5A17004149E2 /* IOKit.framework */; };
		E4EB6799138ADC1D00A09F29 /* GLUT.framework in Frameworks */ = {isa = PBXBuildFile; fileRef = BBAB23BE13894E4700AA2426 /* GLUT.framework */; };
		E7E077E515D3B63C0020DFD4 /* CoreVideo.framework in Frameworks */ = {isa = PBXBuildFile; fileRef = E7E077E415D3B63C0020DFD4 /* CoreVideo.framework */; };
		E7E077E815D3B6510020DFD4 /* QTKit.framework in Frameworks */ = {isa = PBXBuildFile; fileRef = E7E077E715D3B6510020DFD4 /* QTKit.framework */; };
		E7F985F815E0DEA3003869B5 /* Accelerate.framework in Frameworks */ = {isa = PBXBuildFile; fileRef = E7F985F515E0DE99003869B5 /* Accelerate.framework */; };
		b1acdff67f1ab40792f7e3c0ce57464d /* ofxOscParameterSync.cpp in Sources */ = {isa = PBXBuildFile; fileRef = 08bf3add532836850d8c5af377c8a7e3 /* ofxOscParameterSync.cpp */; };
		c9aab1e719bc2b1b5b42dd9732fce7af /* NetworkingUtils.cpp in Sources */ = {isa = PBXBuildFile; fileRef = 03d40937b60244a577063f861b701fd1 /* NetworkingUtils.cpp */; };
		d019dcb77c3e6afd4ad16af4ff1248ec /* NetworkingUtilsWin.cpp in Sources */ = {isa = PBXBuildFile; fileRef = 5f1cbd557fa1aed89c3126df8545dbdb /* NetworkingUtilsWin.cpp */; };
		d942004da1801633ab1bc2ba7abd8944 /* OscPrintReceivedElements.cpp in Sources */ = {isa = PBXBuildFile; fileRef = e81ab65e37d792c4379af07e9ba49afa /* OscPrintReceivedElements.cpp */; };
		dbd76de6d65c641c5a68c83be2921f02 /* ofxOscBundle.cpp in Sources */ = {isa = PBXBuildFile; fileRef = de57f9d8345eab6d75668d42a2d0edff /* ofxOscBundle.cpp */; };
		dd640e91a59c500218580845c29e8c19 /* UdpSocket.cpp in Sources */ = {isa = PBXBuildFile; fileRef = d300779d8ea18015cfe4b288f8947161 /* UdpSocket.cpp */; };
		e0c91a1bc9ffc99a864140c2825141df /* ofxNamedVariables.cpp in Sources */ = {isa = PBXBuildFile; fileRef = 4cf37d38ead888b74ec764658132d562 /* ofxNamedVariables.cpp */; };
		f0a819afaf20263bea98163d598101df /* ofxOscSender.cpp in Sources */ = {isa = PBXBuildFile; fileRef = cfc50eec7e148135a6a0b205711b06ed /* ofxOscSender.cpp */; };
		faa86bc471fe26ed7c6aae3196dbee7b /* ofxOscVariables.cpp in Sources */ = {isa = PBXBuildFile; fileRef = 56d1db25e8c9551e8060d1ed19684f6d /* ofxOscVariables.cpp */; };
/* End PBXBuildFile section */

/* Begin PBXContainerItemProxy section */
		E4328147138ABC890047C5CB /* PBXContainerItemProxy */ = {
			isa = PBXContainerItemProxy;
			containerPortal = E4328143138ABC890047C5CB /* openFrameworksLib.xcodeproj */;
			proxyType = 2;
			remoteGlobalIDString = E4B27C1510CBEB8E00536013;
			remoteInfo = openFrameworks;
		};
		E4EEB9AB138B136A00A80321 /* PBXContainerItemProxy */ = {
			isa = PBXContainerItemProxy;
			containerPortal = E4328143138ABC890047C5CB /* openFrameworksLib.xcodeproj */;
			proxyType = 1;
			remoteGlobalIDString = E4B27C1410CBEB8E00536013;
			remoteInfo = openFrameworks;
		};
/* End PBXContainerItemProxy section */

/* Begin PBXCopyFilesBuildPhase section */
		E4C2427710CC5ABF004149E2 /* CopyFiles */ = {
			isa = PBXCopyFilesBuildPhase;
			buildActionMask = 2147483647;
			dstPath = "";
			dstSubfolderSpec = 10;
			files = (
				BBAB23CB13894F3D00AA2426 /* GLUT.framework in CopyFiles */,
			);
			runOnlyForDeploymentPostprocessing = 0;
		};
/* End PBXCopyFilesBuildPhase section */

/* Begin PBXFileReference section */
		03d40937b60244a577063f861b701fd1 /* NetworkingUtils.cpp */ = {isa = PBXFileReference; explicitFileType = sourcecode.cpp.cpp; fileEncoding = 30; name = NetworkingUtils.cpp; path = ../../../ofxOsc/libs/oscpack/src/ip/posix/NetworkingUtils.cpp; sourceTree = SOURCE_ROOT; };
		08bf3add532836850d8c5af377c8a7e3 /* ofxOscParameterSync.cpp */ = {isa = PBXFileReference; explicitFileType = sourcecode.cpp.cpp; fileEncoding = 30; name = ofxOscParameterSync.cpp; path = ../../../ofxOsc/src/ofxOscParameterSync.cpp; sourceTree = SOURCE_ROOT; };
		0b67f6d17cf69fc935590ae4f0e5958a /* PacketListener.h */ = {isa = PBXFileReference; explicitFileType = sourcecode.c.h; fileEncoding = 30; name = PacketListener.h; path = ../../../ofxOsc/libs/oscpack/src/ip/PacketListener.h; sourceTree = SOURCE_ROOT; };
		10ba005287e5672c6bcb30e87544f30d /* ofxOscMessage.h */ = {isa = PBXFileReference; explicitFileType = sourcecode.c.h; fileEncoding = 30; name = ofxOscMessage.h; path = ../../../ofxOsc/src/ofxOscMessage.h; sourceTree = SOURCE_ROOT; };
		127d584d16f73d5b63b4dba71d3833e0 /* OscOutboundPacketStream.h */ = {isa = PBXFileReference; explicitFileType = sourcecode.c.h; fileEncoding = 30; name = OscOutboundPacketStream.h; path = ../../../ofxOsc/libs/oscpack/src/osc/OscOutboundPacketStream.h; sourceTree = SOURCE_ROOT; };
		398a1e7c51c56f88d1e4cd825f5f3afe /* UdpSocketWin.cpp */ = {isa = PBXFileReference; explicitFileType = sourcecode.cpp.cpp; fileEncoding = 30; name = UdpSocketWin.cpp; path = ../../../ofxOsc/libs/oscpack/src/ip/win32/UdpSocketWin.cpp; sourceTree = SOURCE_ROOT; };
		3baf62549abf96bf54517ef232a05c65 /* NetworkingUtils.h */ = {isa = PBXFileReference; explicitFileType = sourcecode.c.h; fileEncoding = 30; name = NetworkingUtils.h; path = ../../../ofxOsc/libs/oscpack/src/ip/NetworkingUtils.h; sourceTree = SOURCE_ROOT; };
		3e2aaa64e886de788c3dade0a0ef597c /* OscException.h */ = {isa = PBXFileReference; explicitFileType = sourcecode.c.h; fileEncoding = 30; name = OscException.h; path = ../../../ofxOsc/libs/oscpack/src/osc/OscException.h; sourceTree = SOURCE_ROOT; };
		4cf37d38ead888b74ec764658132d562 /* ofxNamedVariables.cpp */ = {isa = PBXFileReference; explicitFileType = sourcecode.cpp.cpp; fileEncoding = 30; name = ofxNamedVariables.cpp; path = ../../src/ofxNamedVariables.cpp; sourceTree = SOURCE_ROOT; };
		51816f5c966d8691fc1feeb54c9ae2da /* OscReceivedElements.h */ = {isa = PBXFileReference; explicitFileType = sourcecode.c.h; fileEncoding = 30; name = OscReceivedElements.h; path = ../../../ofxOsc/libs/oscpack/src/osc/OscReceivedElements.h; sourceTree = SOURCE_ROOT; };
		5396921922631d07ed73e029089e0ef5 /* OscReceivedElements.cpp */ = {isa = PBXFileReference; explicitFileType = sourcecode.cpp.cpp; fileEncoding = 30; name = OscReceivedElements.cpp; path = ../../../ofxOsc/libs/oscpack/src/osc/OscReceivedElements.cpp; sourceTree = SOURCE_ROOT; };
		56d1db25e8c9551e8060d1ed19684f6d /* ofxOscVariables.cpp */ = {isa = PBXFileReference; explicitFileType = sourcecode.cpp.cpp; fileEncoding = 30; name = ofxOscVariables.cpp; path = ../../src/ofxOscVariables.cpp; sourceTree = SOURCE_ROOT; };
		5bef8d582e6beb441c005898db0d8f02 /* TimerListener.h */ = {isa = PBXFileReference; explicitFileType = sourcecode.c.h; fileEncoding = 30; name = TimerListener.h; path = ../../../ofxOsc/libs/oscpack/src/ip/TimerListener.h; sourceTree = SOURCE_ROOT; };
		5f1cbd557fa1aed89c3126df8545dbdb /* NetworkingUtilsWin.cpp */ = {isa = PBXFileReference; explicitFileType = sourcecode.cpp.cpp; fileEncoding = 30; name = NetworkingUtilsWin.cpp; path = ../../../ofxOsc/libs/oscpack/src/ip/win32/NetworkingUtilsWin.cpp; sourceTree = SOURCE_ROOT; };
		61be6704d365b28894faf7d2a6a3e2cb /* IpEndpointName.cpp */ = {isa = PBXFileReference; explicitFileType = sourcecode.cpp.cpp; fileEncoding = 30; name = IpEndpointName.cpp; path = ../../../ofxOsc/libs/oscpack/src/ip/IpEndpointName.cpp; sourceTree = SOURCE_ROOT; };
		79c364d74defbaba08e4e9a29a5b5d58 /* ofxOscReceiver.cpp */ = {isa = PBXFileReference; explicitFileType = sourcecode.cpp.cpp; fileEncoding = 30; name = ofxOscReceiver.cpp; path = ../../../ofxOsc/src/ofxOscReceiver.cpp; sourceTree = SOURCE_ROOT; };
		86f1e65c78609217a2f45f2919cf588f /* MessageMappingOscPacketListener.h */ = {isa = PBXFileReference; explicitFileType = sourcecode.c.h; fileEncoding = 30; name = MessageMappingOscPacketListener.h; path = ../../../ofxOsc/libs/oscpack/src/osc/MessageMappingOscPacketListener.h; sourceTree = SOURCE_ROOT; };
		87ebc59971b9a2f90557e3e0819f854c /* ofxOscVariables.h */ = {isa = PBXFileReference; explicitFileType = sourcecode.c.h; fileEncoding = 30; name = ofxOscVariables.h; path = ../../src/ofxOscVariables.h; sourceTree = SOURCE_ROOT; };
		986b11f04fe0adaf4674f4da289b3696 /* OscHostEndianness.h */ = {isa = PBXFileReference; explicitFileType = sourcecode.c.h; fileEncoding = 30; name = OscHostEndianness.h; path = ../../../ofxOsc/libs/oscpack/src/osc/OscHostEndianness.h; sourceTree = SOURCE_ROOT; };
		98d06015e5e7edf1e32b84340c3809ef /* ofxOscReceiver.h */ = {isa = PBXFileReference; explicitFileType = sourcecode.c.h; fileEncoding = 30; name = ofxOscReceiver.h; path = ../../../ofxOsc/src/ofxOscReceiver.h; sourceTree = SOURCE_ROOT; };
		9c39518de24a425946c335971af13bbe /* OscOutboundPacketStream.cpp */ = {isa = PBXFileReference; explicitFileType = sourcecode.cpp.cpp; fileEncoding = 30; name = OscOutboundPacketStream.cpp; path = ../../../ofxOsc/libs/oscpack/src/osc/OscOutboundPacketStream.cpp; sourceTree = SOURCE_ROOT; };
		BBAB23BE13894E4700AA2426 /* GLUT.framework */ = {isa = PBXFileReference; lastKnownFileType = wrapper.framework; name = GLUT.framework; path = ../../../../libs/glut/lib/osx/GLUT.framework; sourceTree = "<group>"; };
		E4328143138ABC890047C5CB /* openFrameworksLib.xcodeproj */ = {isa = PBXFileReference; lastKnownFileType = "wrapper.pb-project"; name = openFrameworksLib.xcodeproj; path = ../../../../libs/openFrameworksCompiled/project/osx/openFrameworksLib.xcodeproj; sourceTree = SOURCE_ROOT; };
		E45BE9710E8CC7DD009D7055 /* AGL.framework */ = {isa = PBXFileReference; lastKnownFileType = wrapper.framework; name = AGL.framework; path = /System/Library/Frameworks/AGL.framework; sourceTree = "<absolute>"; };
		E45BE9720E8CC7DD009D7055 /* ApplicationServices.framework */ = {isa = PBXFileReference; lastKnownFileType = wrapper.framework; name = ApplicationServices.framework; path = /System/Library/Frameworks/ApplicationServices.framework; sourceTree = "<absolute>"; };
		E45BE9730E8CC7DD009D7055 /* AudioToolbox.framework */ = {isa = PBXFileReference; lastKnownFileType = wrapper.framework; name = AudioToolbox.framework; path = /System/Library/Frameworks/AudioToolbox.framework; sourceTree = "<absolute>"; };
		E45BE9740E8CC7DD009D7055 /* Carbon.framework */ = {isa = PBXFileReference; lastKnownFileType = wrapper.framework; name = Carbon.framework; path = /System/Library/Frameworks/Carbon.framework; sourceTree = "<absolute>"; };
		E45BE9750E8CC7DD009D7055 /* CoreAudio.framework */ = {isa = PBXFileReference; lastKnownFileType = wrapper.framework; name = CoreAudio.framework; path = /System/Library/Frameworks/CoreAudio.framework; sourceTree = "<absolute>"; };
		E45BE9760E8CC7DD009D7055 /* CoreFoundation.framework */ = {isa = PBXFileReference; lastKnownFileType = wrapper.framework; name = CoreFoundation.framework; path = /System/Library/Frameworks/CoreFoundation.framework; sourceTree = "<absolute>"; };
		E45BE9770E8CC7DD009D7055 /* CoreServices.framework */ = {isa = PBXFileReference; lastKnownFileType = wrapper.framework; name = CoreServices.framework; path = /System/Library/Frameworks/CoreServices.framework; sourceTree = "<absolute>"; };
		E45BE9790E8CC7DD009D7055 /* OpenGL.framework */ = {isa = PBXFileReference; lastKnownFileType = wrapper.framework; name = OpenGL.framework; path = /System/Library/Frameworks/OpenGL.framework; sourceTree = "<absolute>"; };
		E45BE97A0E8CC7DD009D7055 /* QuickTime.framework */ = {isa = PBXFileReference; lastKnownFileType = wrapper.framework; name = QuickTime.framework; path = /System/Library/Frameworks/QuickTime.framework; sourceTree = "<absolute>"; };
		E4B69B5B0A3A1756003C02F2 /* ofxOscVariablesExampleDebug.app */ = {isa = PBXFileReference; explicitFileType = wrapper.application; includeInIndex = 0; path = ofxOscVariablesExampleDebug.app; sourceTree = BUILT_PRODUCTS_DIR; };
		E4B69E1D0A3A1BDC003C02F2 /* main.cpp */ = {isa = PBXFileReference; fileEncoding = 30; lastKnownFileType = sourcecode.cpp.cpp; name = main.cpp; path = src/main.cpp; sourceTree = SOURCE_ROOT; };
		E4B69E1E0A3A1BDC003C02F2 /* testApp.cpp */ = {isa = PBXFileReference; explicitFileType = sourcecode.cpp.cpp; fileEncoding = 30; name = testApp.cpp; path = src/testApp.cpp; sourceTree = SOURCE_ROOT; };
		E4B69E1F0A3A1BDC003C02F2 /* testApp.h */ = {isa = PBXFileReference; fileEncoding = 30; lastKnownFileType = sourcecode.c.h; name = testApp.h; path = src/testApp.h; sourceTree = SOURCE_ROOT; };
		E4B6FCAD0C3E899E008CF71C /* openFrameworks-Info.plist */ = {isa = PBXFileReference; fileEncoding = 30; lastKnownFileType = text.plist.xml; path = "openFrameworks-Info.plist"; sourceTree = "<group>"; };
		E4C2424410CC5A17004149E2 /* AppKit.framework */ = {isa = PBXFileReference; lastKnownFileType = wrapper.framework; name = AppKit.framework; path = /System/Library/Frameworks/AppKit.framework; sourceTree = "<absolute>"; };
		E4C2424510CC5A17004149E2 /* Cocoa.framework */ = {isa = PBXFileReference; lastKnownFileType = wrapper.framework; name = Cocoa.framework; path = /System/Library/Frameworks/Cocoa.framework; sourceTree = "<absolute>"; };
		E4C2424610CC5A17004149E2 /* IOKit.framework */ = {isa = PBXFileReference; lastKnownFileType = wrapper.framework; name = IOKit.framework; path = /System/Library/Frameworks/IOKit.framework; sourceTree = "<absolute>"; };
		E4EB691F138AFCF100A09F29 /* CoreOF.xcconfig */ = {isa = PBXFileReference; fileEncoding = 4; lastKnownFileType = text.xcconfig; name = CoreOF.xcconfig; path = ../../../../libs/openFrameworksCompiled/project/osx/CoreOF.xcconfig; sourceTree = SOURCE_ROOT; };
		E4EB6923138AFD0F00A09F29 /* Project.xcconfig */ = {isa = PBXFileReference; fileEncoding = 4; lastKnownFileType = text.xcconfig; path = Project.xcconfig; sourceTree = "<group>"; };
		E7E077E415D3B63C0020DFD4 /* CoreVideo.framework */ = {isa = PBXFileReference; lastKnownFileType = wrapper.framework; name = CoreVideo.framework; path = /System/Library/Frameworks/CoreVideo.framework; sourceTree = "<absolute>"; };
		E7E077E715D3B6510020DFD4 /* QTKit.framework */ = {isa = PBXFileReference; lastKnownFileType = wrapper.framework; name = QTKit.framework; path = /System/Library/Frameworks/QTKit.framework; sourceTree = "<absolute>"; };
		E7F985F515E0DE99003869B5 /* Accelerate.framework */ = {isa = PBXFileReference; lastKnownFileType = wrapper.framework; name = Accelerate.framework; path = /System/Library/Frameworks/Accelerate.framework; sourceTree = "<absolute>"; };
		ab061c43a17e25de3b272134526bb6bf /* UdpSocket.h */ = {isa = PBXFileReference; explicitFileType = sourcecode.c.h; fileEncoding = 30; name = UdpSocket.h; path = ../../../ofxOsc/libs/oscpack/src/ip/UdpSocket.h; sourceTree = SOURCE_ROOT; };
		afd0ff7cbba902548dc9c3f073d35246 /* OscPacketListener.h */ = {isa = PBXFileReference; explicitFileType = sourcecode.c.h; fileEncoding = 30; name = OscPacketListener.h; path = ../../../ofxOsc/libs/oscpack/src/osc/OscPacketListener.h; sourceTree = SOURCE_ROOT; };
		b182cf44ee825d2dc9be79cfc00fb4a7 /* ofxOscParameterSync.h */ = {isa = PBXFileReference; explicitFileType = sourcecode.c.h; fileEncoding = 30; name = ofxOscParameterSync.h; path = ../../../ofxOsc/src/ofxOscParameterSync.h; sourceTree = SOURCE_ROOT; };
		ba206dbcb429b6e43d918eb6bcd1c085 /* IpEndpointName.h */ = {isa = PBXFileReference; explicitFileType = sourcecode.c.h; fileEncoding = 30; name = IpEndpointName.h; path = ../../../ofxOsc/libs/oscpack/src/ip/IpEndpointName.h; sourceTree = SOURCE_ROOT; };
		c43e8aba65bc2f587109bb813d5e9107 /* OscTypes.cpp */ = {isa = PBXFileReference; explicitFileType = sourcecode.cpp.cpp; fileEncoding = 30; name = OscTypes.cpp; path = ../../../ofxOsc/libs/oscpack/src/osc/OscTypes.cpp; sourceTree = SOURCE_ROOT; };
		cb498df1275b3db641d78afb8fa01056 /* ofxOscSender.h */ = {isa = PBXFileReference; explicitFileType = sourcecode.c.h; fileEncoding = 30; name = ofxOscSender.h; path = ../../../ofxOsc/src/ofxOscSender.h; sourceTree = SOURCE_ROOT; };
		cc6d7f3d4ff6b8af7a10732f94b024d8 /* ofxOsc.h */ = {isa = PBXFileReference; explicitFileType = sourcecode.c.h; fileEncoding = 30; name = ofxOsc.h; path = ../../../ofxOsc/src/ofxOsc.h; sourceTree = SOURCE_ROOT; };
		ceb31fbf6a782b7a24af8c7bf90cda54 /* ofxOscMessage.cpp */ = {isa = PBXFileReference; explicitFileType = sourcecode.cpp.cpp; fileEncoding = 30; name = ofxOscMessage.cpp; path = ../../../ofxOsc/src/ofxOscMessage.cpp; sourceTree = SOURCE_ROOT; };
		cfc50eec7e148135a6a0b205711b06ed /* ofxOscSender.cpp */ = {isa = PBXFileReference; explicitFileType = sourcecode.cpp.cpp; fileEncoding = 30; name = ofxOscSender.cpp; path = ../../../ofxOsc/src/ofxOscSender.cpp; sourceTree = SOURCE_ROOT; };
		d300779d8ea18015cfe4b288f8947161 /* UdpSocket.cpp */ = {isa = PBXFileReference; explicitFileType = sourcecode.cpp.cpp; fileEncoding = 30; name = UdpSocket.cpp; path = ../../../ofxOsc/libs/oscpack/src/ip/posix/UdpSocket.cpp; sourceTree = SOURCE_ROOT; };
		dabbee606e21a21f172f27d9c75628a6 /* OscPrintReceivedElements.h */ = {isa = PBXFileReference; explicitFileType = sourcecode.c.h; fileEncoding = 30; name = OscPrintReceivedElements.h; path = ../../../ofxOsc/libs/oscpack/src/osc/OscPrintReceivedElements.h; sourceTree = SOURCE_ROOT; };
		db9dba95611eb84837784414302bd087 /* ofxOscArg.h */ = {isa = PBXFileReference; explicitFileType = sourcecode.c.h; fileEncoding = 30; name = ofxOscArg.h; path = ../../../ofxOsc/src/ofxOscArg.h; sourceTree = SOURCE_ROOT; };
		de322178b5e6f2ae81fb5a1388833285 /* ofxNamedVariables.h */ = {isa = PBXFileReference; explicitFileType = sourcecode.c.h; fileEncoding = 30; name = ofxNamedVariables.h; path = ../../src/ofxNamedVariables.h; sourceTree = SOURCE_ROOT; };
		de57f9d8345eab6d75668d42a2d0edff /* ofxOscBundle.cpp */ = {isa = PBXFileReference; explicitFileType = sourcecode.cpp.cpp; fileEncoding = 30; name = ofxOscBundle.cpp; path = ../../../ofxOsc/src/ofxOscBundle.cpp; sourceTree = SOURCE_ROOT; };
		e1181160138789363a7b02fe08ff63a8 /* ofxOscBundle.h */ = {isa = PBXFileReference; explicitFileType = sourcecode.c.h; fileEncoding = 30; name = ofxOscBundle.h; path = ../../../ofxOsc/src/ofxOscBundle.h; sourceTree = SOURCE_ROOT; };
		e81ab65e37d792c4379af07e9ba49afa /* OscPrintReceivedElements.cpp */ = {isa = PBXFileReference; explicitFileType = sourcecode.cpp.cpp; fileEncoding = 30; name = OscPrintReceivedElements.cpp; path = ../../../ofxOsc/libs/oscpack/src/osc/OscPrintReceivedElements.cpp; sourceTree = SOURCE_ROOT; };
		efd3c8dec8ac1e496ed1247733ecfd3c /* OscTypes.h */ = {isa = PBXFileReference; explicitFileType = sourcecode.c.h; fileEncoding = 30; name = OscTypes.h; path = ../../../ofxOsc/libs/oscpack/src/osc/OscTypes.h; sourceTree = SOURCE_ROOT; };
/* End PBXFileReference section */

/* Begin PBXFrameworksBuildPhase section */
		E4B69B590A3A1756003C02F2 /* Frameworks */ = {
			isa = PBXFrameworksBuildPhase;
			buildActionMask = 2147483647;
			files = (
				E7F985F815E0DEA3003869B5 /* Accelerate.framework in Frameworks */,
				E7E077E815D3B6510020DFD4 /* QTKit.framework in Frameworks */,
				E4EB6799138ADC1D00A09F29 /* GLUT.framework in Frameworks */,
				E4328149138ABC9F0047C5CB /* openFrameworksDebug.a in Frameworks */,
				E45BE97B0E8CC7DD009D7055 /* AGL.framework in Frameworks */,
				E45BE97C0E8CC7DD009D7055 /* ApplicationServices.framework in Frameworks */,
				E45BE97D0E8CC7DD009D7055 /* AudioToolbox.framework in Frameworks */,
				E45BE97E0E8CC7DD009D7055 /* Carbon.framework in Frameworks */,
				E45BE97F0E8CC7DD009D7055 /* CoreAudio.framework in Frameworks */,
				E45BE9800E8CC7DD009D7055 /* CoreFoundation.framework in Frameworks */,
				E45BE9810E8CC7DD009D7055 /* CoreServices.framework in Frameworks */,
				E45BE9830E8CC7DD009D7055 /* OpenGL.framework in Frameworks */,
				E45BE9840E8CC7DD009D7055 /* QuickTime.framework in Frameworks */,
				E4C2424710CC5A17004149E2 /* AppKit.framework in Frameworks */,
				E4C2424810CC5A17004149E2 /* Cocoa.framework in Frameworks */,
				E4C2424910CC5A17004149E2 /* IOKit.framework in Frameworks */,
				E7E077E515D3B63C0020DFD4 /* CoreVideo.framework in Frameworks */,
			);
			runOnlyForDeploymentPostprocessing = 0;
		};
/* End PBXFrameworksBuildPhase section */

/* Begin PBXGroup section */
		30cb364908817057b430d52805394cbc /* osc */ = {
			isa = PBXGroup;
			children = (
				86f1e65c78609217a2f45f2919cf588f /* MessageMappingOscPacketListener.h */,
				3e2aaa64e886de788c3dade0a0ef597c /* OscException.h */,
				986b11f04fe0adaf4674f4da289b3696 /* OscHostEndianness.h */,
				9c39518de24a425946c335971af13bbe /* OscOutboundPacketStream.cpp */,
				127d584d16f73d5b63b4dba71d3833e0 /* OscOutboundPacketStream.h */,
				afd0ff7cbba902548dc9c3f073d35246 /* OscPacketListener.h */,
				e81ab65e37d792c4379af07e9ba49afa /* OscPrintReceivedElements.cpp */,
				dabbee606e21a21f172f27d9c75628a6 /* OscPrintReceivedElements.h */,
				5396921922631d07ed73e029089e0ef5 /* OscReceivedElements.cpp */,
				51816f5c966d8691fc1feeb54c9ae2da /* OscReceivedElements.h */,
				c43e8aba65bc2f587109bb813d5e9107 /* OscTypes.cpp */,
				efd3c8dec8ac1e496ed1247733ecfd3c /* OscTypes.h */,
			);
			name = osc;
			sourceTree = "<group>";
		};
		38871a5825686ae018ec2bf0e450fdae /* libs */ = {
			isa = PBXGroup;
			children = (
				86d2677079a3af4a5a88e29a7243e442 /* oscpack */,
			);
			name = libs;
			sourceTree = "<group>";
		};
		401f0976d872d2958f4779dd0bad442f /* src */ = {
			isa = PBXGroup;
			children = (
				4cf37d38ead888b74ec764658132d562 /* ofxNamedVariables.cpp */,
				de322178b5e6f2ae81fb5a1388833285 /* ofxNamedVariables.h */,
				56d1db25e8c9551e8060d1ed19684f6d /* ofxOscVariables.cpp */,
				87ebc59971b9a2f90557e3e0819f854c /* ofxOscVariables.h */,
			);
			name = src;
			sourceTree = "<group>";
		};
		641362ca659fafee4e81001be7d8d43c /* posix */ = {
			isa = PBXGroup;
			children = (
				03d40937b60244a577063f861b701fd1 /* NetworkingUtils.cpp */,
				d300779d8ea18015cfe4b288f8947161 /* UdpSocket.cpp */,
			);
			name = posix;
			sourceTree = "<group>";
		};
		86d2677079a3af4a5a88e29a7243e442 /* oscpack */ = {
			isa = PBXGroup;
			children = (
				d27b2221a225ca523c01967633d9bd60 /* src */,
			);
			name = oscpack;
			sourceTree = "<group>";
		};
		BB4B014C10F69532006C3DED /* addons */ = {
			isa = PBXGroup;
			children = (
				e6053ab7fec63d5f83825b880ce53c41 /* ofxOsc */,
				ac77dbd710f4c434907742bfed3b2f3d /* ofxNamedVariables */,
			);
			name = addons;
			sourceTree = "<group>";
		};
		BBAB23C913894ECA00AA2426 /* system frameworks */ = {
			isa = PBXGroup;
			children = (
				E7F985F515E0DE99003869B5 /* Accelerate.framework */,
				E4C2424410CC5A17004149E2 /* AppKit.framework */,
				E4C2424510CC5A17004149E2 /* Cocoa.framework */,
				E4C2424610CC5A17004149E2 /* IOKit.framework */,
				E45BE9710E8CC7DD009D7055 /* AGL.framework */,
				E45BE9720E8CC7DD009D7055 /* ApplicationServices.framework */,
				E45BE9730E8CC7DD009D7055 /* AudioToolbox.framework */,
				E45BE9740E8CC7DD009D7055 /* Carbon.framework */,
				E45BE9750E8CC7DD009D7055 /* CoreAudio.framework */,
				E45BE9760E8CC7DD009D7055 /* CoreFoundation.framework */,
				E45BE9770E8CC7DD009D7055 /* CoreServices.framework */,
				E45BE9790E8CC7DD009D7055 /* OpenGL.framework */,
				E45BE97A0E8CC7DD009D7055 /* QuickTime.framework */,
				E7E077E415D3B63C0020DFD4 /* CoreVideo.framework */,
				E7E077E715D3B6510020DFD4 /* QTKit.framework */,
			);
			name = "system frameworks";
			sourceTree = "<group>";
		};
		BBAB23CA13894EDB00AA2426 /* 3rd party frameworks */ = {
			isa = PBXGroup;
			children = (
				BBAB23BE13894E4700AA2426 /* GLUT.framework */,
			);
			name = "3rd party frameworks";
			sourceTree = "<group>";
		};
		E4328144138ABC890047C5CB /* Products */ = {
			isa = PBXGroup;
			children = (
				E4328148138ABC890047C5CB /* openFrameworksDebug.a */,
			);
			name = Products;
			sourceTree = "<group>";
		};
		E45BE5980E8CC70C009D7055 /* frameworks */ = {
			isa = PBXGroup;
			children = (
				BBAB23CA13894EDB00AA2426 /* 3rd party frameworks */,
				BBAB23C913894ECA00AA2426 /* system frameworks */,
			);
			name = frameworks;
			sourceTree = "<group>";
		};
		E4B69B4A0A3A1720003C02F2 = {
			isa = PBXGroup;
			children = (
				E4B6FCAD0C3E899E008CF71C /* openFrameworks-Info.plist */,
				E4EB6923138AFD0F00A09F29 /* Project.xcconfig */,
				E4B69E1C0A3A1BDC003C02F2 /* src */,
				E4EEC9E9138DF44700A80321 /* openFrameworks */,
				BB4B014C10F69532006C3DED /* addons */,
				E45BE5980E8CC70C009D7055 /* frameworks */,
				E4B69B5B0A3A1756003C02F2 /* ofxOscVariablesExampleDebug.app */,
			);
			sourceTree = "<group>";
		};
		E4B69E1C0A3A1BDC003C02F2 /* src */ = {
			isa = PBXGroup;
			children = (
				E4B69E1D0A3A1BDC003C02F2 /* main.cpp */,
				E4B69E1E0A3A1BDC003C02F2 /* testApp.cpp */,
				E4B69E1F0A3A1BDC003C02F2 /* testApp.h */,
			);
			path = src;
			sourceTree = SOURCE_ROOT;
		};
		E4EEC9E9138DF44700A80321 /* openFrameworks */ = {
			isa = PBXGroup;
			children = (
				E4EB691F138AFCF100A09F29 /* CoreOF.xcconfig */,
				E4328143138ABC890047C5CB /* openFrameworksLib.xcodeproj */,
			);
			name = openFrameworks;
			sourceTree = "<group>";
		};
		ac77dbd710f4c434907742bfed3b2f3d /* ofxNamedVariables */ = {
			isa = PBXGroup;
			children = (
				401f0976d872d2958f4779dd0bad442f /* src */,
			);
			name = ofxNamedVariables;
			sourceTree = "<group>";
		};
		ba6760ac87647dd61a92bd416dbd7a9c /* win32 */ = {
			isa = PBXGroup;
			children = (
				5f1cbd557fa1aed89c3126df8545dbdb /* NetworkingUtilsWin.cpp */,
				398a1e7c51c56f88d1e4cd825f5f3afe /* UdpSocketWin.cpp */,
			);
			name = win32;
			sourceTree = "<group>";
		};
		bd2f1a9f8d0c05edb29122d00a67c2a2 /* src */ = {
			isa = PBXGroup;
			children = (
				cc6d7f3d4ff6b8af7a10732f94b024d8 /* ofxOsc.h */,
				db9dba95611eb84837784414302bd087 /* ofxOscArg.h */,
				de57f9d8345eab6d75668d42a2d0edff /* ofxOscBundle.cpp */,
				e1181160138789363a7b02fe08ff63a8 /* ofxOscBundle.h */,
				ceb31fbf6a782b7a24af8c7bf90cda54 /* ofxOscMessage.cpp */,
				10ba005287e5672c6bcb30e87544f30d /* ofxOscMessage.h */,
				08bf3add532836850d8c5af377c8a7e3 /* ofxOscParameterSync.cpp */,
				b182cf44ee825d2dc9be79cfc00fb4a7 /* ofxOscParameterSync.h */,
				79c364d74defbaba08e4e9a29a5b5d58 /* ofxOscReceiver.cpp */,
				98d06015e5e7edf1e32b84340c3809ef /* ofxOscReceiver.h */,
				cfc50eec7e148135a6a0b205711b06ed /* ofxOscSender.cpp */,
				cb498df1275b3db641d78afb8fa01056 /* ofxOscSender.h */,
			);
			name = src;
			sourceTree = "<group>";
		};
		d27b2221a225ca523c01967633d9bd60 /* src */ = {
			isa = PBXGroup;
			children = (
				ff8cdf57858e9b94e3237115f4d7aa09 /* ip */,
				30cb364908817057b430d52805394cbc /* osc */,
			);
			name = src;
			sourceTree = "<group>";
		};
		e6053ab7fec63d5f83825b880ce53c41 /* ofxOsc */ = {
			isa = PBXGroup;
			children = (
				bd2f1a9f8d0c05edb29122d00a67c2a2 /* src */,
				38871a5825686ae018ec2bf0e450fdae /* libs */,
			);
			name = ofxOsc;
			sourceTree = "<group>";
		};
		ff8cdf57858e9b94e3237115f4d7aa09 /* ip */ = {
			isa = PBXGroup;
			children = (
				61be6704d365b28894faf7d2a6a3e2cb /* IpEndpointName.cpp */,
				ba206dbcb429b6e43d918eb6bcd1c085 /* IpEndpointName.h */,
				3baf62549abf96bf54517ef232a05c65 /* NetworkingUtils.h */,
				0b67f6d17cf69fc935590ae4f0e5958a /* PacketListener.h */,
				641362ca659fafee4e81001be7d8d43c /* posix */,
				5bef8d582e6beb441c005898db0d8f02 /* TimerListener.h */,
				ab061c43a17e25de3b272134526bb6bf /* UdpSocket.h */,
				ba6760ac87647dd61a92bd416dbd7a9c /* win32 */,
			);
			name = ip;
			sourceTree = "<group>";
		};
/* End PBXGroup section */

/* Begin PBXNativeTarget section */
		E4B69B5A0A3A1756003C02F2 /* ofxOscVariablesExample */ = {
			isa = PBXNativeTarget;
			buildConfigurationList = E4B69B5F0A3A1757003C02F2 /* Build configuration list for PBXNativeTarget "ofxOscVariablesExample" */;
			buildPhases = (
				E4B69B580A3A1756003C02F2 /* Sources */,
				E4B69B590A3A1756003C02F2 /* Frameworks */,
				E4B6FFFD0C3F9AB9008CF71C /* ShellScript */,
				E4C2427710CC5ABF004149E2 /* CopyFiles */,
			);
			buildRules = (
			);
			dependencies = (
				E4EEB9AC138B136A00A80321 /* PBXTargetDependency */,
			);
			name = ofxOscVariablesExample;
			productName = myOFApp;
			productReference = E4B69B5B0A3A1756003C02F2 /* ofxOscVariablesExampleDebug.app */;
			productType = "com.apple.product-type.application";
		};
/* End PBXNativeTarget section */

/* Begin PBXProject section */
		E4B69B4C0A3A1720003C02F2 /* Project object */ = {
			isa = PBXProject;
			attributes = {
				LastUpgradeCheck = 0460;
			};
			buildConfigurationList = E4B69B4D0A3A1720003C02F2 /* Build configuration list for PBXProject "ofxOscVariablesExample" */;
			compatibilityVersion = "Xcode 3.2";
			developmentRegion = English;
			hasScannedForEncodings = 0;
			knownRegions = (
				English,
				Japanese,
				French,
				German,
			);
			mainGroup = E4B69B4A0A3A1720003C02F2;
			productRefGroup = E4B69B4A0A3A1720003C02F2;
			projectDirPath = "";
			projectReferences = (
				{
					ProductGroup = E4328144138ABC890047C5CB /* Products */;
					ProjectRef = E4328143138ABC890047C5CB /* openFrameworksLib.xcodeproj */;
				},
			);
			projectRoot = "";
			targets = (
				E4B69B5A0A3A1756003C02F2 /* ofxOscVariablesExample */,
			);
		};
/* End PBXProject section */

/* Begin PBXReferenceProxy section */
		E4328148138ABC890047C5CB /* openFrameworksDebug.a */ = {
			isa = PBXReferenceProxy;
			fileType = archive.ar;
			path = openFrameworksDebug.a;
			remoteRef = E4328147138ABC890047C5CB /* PBXContainerItemProxy */;
			sourceTree = BUILT_PRODUCTS_DIR;
		};
/* End PBXReferenceProxy section */

/* Begin PBXShellScriptBuildPhase section */
		E4B6FFFD0C3F9AB9008CF71C /* ShellScript */ = {
			isa = PBXShellScriptBuildPhase;
			buildActionMask = 2147483647;
			files = (
			);
			inputPaths = (
			);
			outputPaths = (
			);
			runOnlyForDeploymentPostprocessing = 0;
			shellPath = /bin/sh;
			shellScript = "cp -f ../../../../libs/fmodex/lib/osx/libfmodex.dylib \"$TARGET_BUILD_DIR/$PRODUCT_NAME.app/Contents/MacOS/libfmodex.dylib\"; install_name_tool -change ./libfmodex.dylib @executable_path/libfmodex.dylib \"$TARGET_BUILD_DIR/$PRODUCT_NAME.app/Contents/MacOS/$PRODUCT_NAME\";\nmkdir -p \"$TARGET_BUILD_DIR/$PRODUCT_NAME.app/Contents/Resources/\"\ncp -f \"$ICON_FILE\" \"$TARGET_BUILD_DIR/$PRODUCT_NAME.app/Contents/Resources/\"\n";
		};
/* End PBXShellScriptBuildPhase section */

/* Begin PBXSourcesBuildPhase section */
		E4B69B580A3A1756003C02F2 /* Sources */ = {
			isa = PBXSourcesBuildPhase;
			buildActionMask = 2147483647;
			files = (
				E4B69E200A3A1BDC003C02F2 /* main.cpp in Sources */,
				E4B69E210A3A1BDC003C02F2 /* testApp.cpp in Sources */,
				dbd76de6d65c641c5a68c83be2921f02 /* ofxOscBundle.cpp in Sources */,
				16ad2690d75611a44caa267216c2de8b /* ofxOscMessage.cpp in Sources */,
				b1acdff67f1ab40792f7e3c0ce57464d /* ofxOscParameterSync.cpp in Sources */,
				916a506838dc204fefba4813a4eaffc3 /* ofxOscReceiver.cpp in Sources */,
				f0a819afaf20263bea98163d598101df /* ofxOscSender.cpp in Sources */,
				1c19abcbd11f1508a4a783f75fd857f3 /* IpEndpointName.cpp in Sources */,
				c9aab1e719bc2b1b5b42dd9732fce7af /* NetworkingUtils.cpp in Sources */,
				dd640e91a59c500218580845c29e8c19 /* UdpSocket.cpp in Sources */,
				d019dcb77c3e6afd4ad16af4ff1248ec /* NetworkingUtilsWin.cpp in Sources */,
				2cd0bff8d1d4dde06a1d45c04965422e /* UdpSocketWin.cpp in Sources */,
				2e00b1c9f92029e297dd0b7695d07429 /* OscOutboundPacketStream.cpp in Sources */,
				d942004da1801633ab1bc2ba7abd8944 /* OscPrintReceivedElements.cpp in Sources */,
				7733102a165f3ef58830e0f09e790f7c /* OscReceivedElements.cpp in Sources */,
				3785a22b8efbabbd7b23e6f2b7ae0ebd /* OscTypes.cpp in Sources */,
				e0c91a1bc9ffc99a864140c2825141df /* ofxNamedVariables.cpp in Sources */,
				faa86bc471fe26ed7c6aae3196dbee7b /* ofxOscVariables.cpp in Sources */,
			);
			runOnlyForDeploymentPostprocessing = 0;
		};
/* End PBXSourcesBuildPhase section */

/* Begin PBXTargetDependency section */
		E4EEB9AC138B136A00A80321 /* PBXTargetDependency */ = {
			isa = PBXTargetDependency;
			name = openFrameworks;
			targetProxy = E4EEB9AB138B136A00A80321 /* PBXContainerItemProxy */;
		};
/* End PBXTargetDependency section */

/* Begin XCBuildConfiguration section */
		E4B69B4E0A3A1720003C02F2 /* Debug */ = {
			isa = XCBuildConfiguration;
			baseConfigurationReference = E4EB6923138AFD0F00A09F29 /* Project.xcconfig */;
			buildSettings = {
				ARCHS = "$(NATIVE_ARCH)";
				CONFIGURATION_BUILD_DIR = "$(SRCROOT)/bin/";
				COPY_PHASE_STRIP = NO;
				DEAD_CODE_STRIPPING = YES;
				GCC_AUTO_VECTORIZATION = YES;
				GCC_ENABLE_SSE3_EXTENSIONS = YES;
				GCC_ENABLE_SUPPLEMENTAL_SSE3_INSTRUCTIONS = YES;
				GCC_INLINES_ARE_PRIVATE_EXTERN = NO;
				GCC_OPTIMIZATION_LEVEL = 0;
				GCC_SYMBOLS_PRIVATE_EXTERN = NO;
				GCC_WARN_ABOUT_DEPRECATED_FUNCTIONS = YES;
				GCC_WARN_ABOUT_INVALID_OFFSETOF_MACRO = NO;
				GCC_WARN_ALLOW_INCOMPLETE_PROTOCOL = NO;
				GCC_WARN_UNINITIALIZED_AUTOS = NO;
				GCC_WARN_UNUSED_VALUE = NO;
				GCC_WARN_UNUSED_VARIABLE = NO;
				HEADER_SEARCH_PATHS = (
					"$(OF_CORE_HEADERS)",
					src,
					../../../../addons/ofxOsc/libs,
					../../../../addons/ofxOsc/libs/oscpack,
					../../../../addons/ofxOsc/libs/oscpack/src,
					../../../../addons/ofxOsc/libs/oscpack/src/ip,
					../../../../addons/ofxOsc/libs/oscpack/src/ip/posix,
					../../../../addons/ofxOsc/libs/oscpack/src/ip/win32,
					../../../../addons/ofxOsc/libs/oscpack/src/osc,
					../../../../addons/ofxOsc/src,
					../../../../addons/ofxNamedVariables/libs,
					../../../../addons/ofxNamedVariables/src,
				);
				MACOSX_DEPLOYMENT_TARGET = 10.6;
				OTHER_CPLUSPLUSFLAGS = (
					"-D__MACOSX_CORE__",
					"-lpthread",
					"-mtune=native",
				);
				SDKROOT = macosx;
			};
			name = Debug;
		};
		E4B69B4F0A3A1720003C02F2 /* Release */ = {
			isa = XCBuildConfiguration;
			baseConfigurationReference = E4EB6923138AFD0F00A09F29 /* Project.xcconfig */;
			buildSettings = {
				ARCHS = "$(NATIVE_ARCH)";
				CONFIGURATION_BUILD_DIR = "$(SRCROOT)/bin/";
				COPY_PHASE_STRIP = YES;
				DEAD_CODE_STRIPPING = YES;
				GCC_AUTO_VECTORIZATION = YES;
				GCC_ENABLE_SSE3_EXTENSIONS = YES;
				GCC_ENABLE_SUPPLEMENTAL_SSE3_INSTRUCTIONS = YES;
				GCC_INLINES_ARE_PRIVATE_EXTERN = NO;
				GCC_OPTIMIZATION_LEVEL = 3;
				GCC_SYMBOLS_PRIVATE_EXTERN = NO;
				GCC_UNROLL_LOOPS = YES;
				GCC_WARN_ABOUT_DEPRECATED_FUNCTIONS = YES;
				GCC_WARN_ABOUT_INVALID_OFFSETOF_MACRO = NO;
				GCC_WARN_ALLOW_INCOMPLETE_PROTOCOL = NO;
				GCC_WARN_UNINITIALIZED_AUTOS = NO;
				GCC_WARN_UNUSED_VALUE = NO;
				GCC_WARN_UNUSED_VARIABLE = NO;
				HEADER_SEARCH_PATHS = (
					"$(OF_CORE_HEADERS)",
					src,
					../../../../addons/ofxOsc/libs,
					../../../../addons/ofxOsc/libs/oscpack,
					../../../../addons/ofxOsc/libs/oscpack/src,
					../../../../addons/ofxOsc/libs/oscpack/src/ip,
					../../../../addons/ofxOsc/libs/oscpack/src/ip/posix,
					../../../../addons/ofxOsc/libs/oscpack/src/ip/win32,
					../../../../addons/ofxOsc/libs/oscpack/src/osc,
					../../../../addons/ofxOsc/src,
					../../../../addons/ofxNamedVariables/libs,
					../../../../addons/ofxNamedVariables/src,
				);
				MACOSX_DEPLOYMENT_TARGET = 10.6;
				OTHER_CPLUSPLUSFLAGS = (
					"-D__MACOSX_CORE__",
					"-lpthread",
					"-mtune=native",
				);
				SDKROOT = macosx;
			};
			name = Release;
		};
		E4B69B600A3A1757003C02F2 /* Debug */ = {
			isa = XCBuildConfiguration;
			buildSettings = {
				COMBINE_HIDPI_IMAGES = YES;
				COPY_PHASE_STRIP = NO;
				FRAMEWORK_SEARCH_PATHS = (
					"$(inherited)",
					"$(FRAMEWORK_SEARCH_PATHS_QUOTED_FOR_TARGET_1)",
				);
				FRAMEWORK_SEARCH_PATHS_QUOTED_FOR_TARGET_1 = "\"$(SRCROOT)/../../../../libs/glut/lib/osx\"";
				GCC_DYNAMIC_NO_PIC = NO;
				GCC_GENERATE_DEBUGGING_SYMBOLS = YES;
				GCC_MODEL_TUNING = NONE;
				ICON = "$(ICON_NAME_DEBUG)";
				ICON_FILE = "$(ICON_FILE_PATH)$(ICON)";
				INFOPLIST_FILE = "openFrameworks-Info.plist";
				INSTALL_PATH = "$(HOME)/Applications";
				LIBRARY_SEARCH_PATHS = (
					"$(inherited)",
					"$(LIBRARY_SEARCH_PATHS_QUOTED_FOR_TARGET_1)",
					"$(LIBRARY_SEARCH_PATHS_QUOTED_FOR_TARGET_2)",
					"$(LIBRARY_SEARCH_PATHS_QUOTED_FOR_TARGET_3)",
					"$(LIBRARY_SEARCH_PATHS_QUOTED_FOR_TARGET_4)",
					"$(LIBRARY_SEARCH_PATHS_QUOTED_FOR_TARGET_5)",
					"$(LIBRARY_SEARCH_PATHS_QUOTED_FOR_TARGET_6)",
					"$(LIBRARY_SEARCH_PATHS_QUOTED_FOR_TARGET_7)",
					"$(LIBRARY_SEARCH_PATHS_QUOTED_FOR_TARGET_8)",
					"$(LIBRARY_SEARCH_PATHS_QUOTED_FOR_TARGET_9)",
					"$(LIBRARY_SEARCH_PATHS_QUOTED_FOR_TARGET_10)",
					"$(LIBRARY_SEARCH_PATHS_QUOTED_FOR_TARGET_11)",
					"$(LIBRARY_SEARCH_PATHS_QUOTED_FOR_TARGET_12)",
					"$(LIBRARY_SEARCH_PATHS_QUOTED_FOR_TARGET_13)",
					"$(LIBRARY_SEARCH_PATHS_QUOTED_FOR_TARGET_14)",
					"$(LIBRARY_SEARCH_PATHS_QUOTED_FOR_TARGET_15)",
					"$(LIBRARY_SEARCH_PATHS_QUOTED_FOR_TARGET_2)",
					"$(LIBRARY_SEARCH_PATHS_QUOTED_FOR_TARGET_3)",
					"$(LIBRARY_SEARCH_PATHS_QUOTED_FOR_TARGET_7)",
					"$(LIBRARY_SEARCH_PATHS_QUOTED_FOR_TARGET_8)",
					"$(LIBRARY_SEARCH_PATHS_QUOTED_FOR_TARGET_9)",
					"$(LIBRARY_SEARCH_PATHS_QUOTED_FOR_TARGET_10)",
					"$(LIBRARY_SEARCH_PATHS_QUOTED_FOR_TARGET_11)",
					"$(LIBRARY_SEARCH_PATHS_QUOTED_FOR_TARGET_12)",
					"$(LIBRARY_SEARCH_PATHS_QUOTED_FOR_TARGET_13)",
					"$(LIBRARY_SEARCH_PATHS_QUOTED_FOR_TARGET_16)",
					"$(LIBRARY_SEARCH_PATHS_QUOTED_FOR_TARGET_17)",
					"$(LIBRARY_SEARCH_PATHS_QUOTED_FOR_TARGET_18)",
					"$(LIBRARY_SEARCH_PATHS_QUOTED_FOR_TARGET_19)",
					"$(LIBRARY_SEARCH_PATHS_QUOTED_FOR_TARGET_20)",
					"$(LIBRARY_SEARCH_PATHS_QUOTED_FOR_TARGET_21)",
					"$(LIBRARY_SEARCH_PATHS_QUOTED_FOR_TARGET_22)",
					"$(LIBRARY_SEARCH_PATHS_QUOTED_FOR_TARGET_23)",
					"$(LIBRARY_SEARCH_PATHS_QUOTED_FOR_TARGET_24)",
					"$(LIBRARY_SEARCH_PATHS_QUOTED_FOR_TARGET_25)",
					"$(LIBRARY_SEARCH_PATHS_QUOTED_FOR_TARGET_26)",
					"$(LIBRARY_SEARCH_PATHS_QUOTED_FOR_TARGET_27)",
					"$(LIBRARY_SEARCH_PATHS_QUOTED_FOR_TARGET_28)",
					"$(LIBRARY_SEARCH_PATHS_QUOTED_FOR_TARGET_29)",
					"$(LIBRARY_SEARCH_PATHS_QUOTED_FOR_TARGET_30)",
					"$(LIBRARY_SEARCH_PATHS_QUOTED_FOR_TARGET_31)",
					"$(LIBRARY_SEARCH_PATHS_QUOTED_FOR_TARGET_32)",
					"$(LIBRARY_SEARCH_PATHS_QUOTED_FOR_TARGET_33)",
					"$(LIBRARY_SEARCH_PATHS_QUOTED_FOR_TARGET_34)",
					"$(LIBRARY_SEARCH_PATHS_QUOTED_FOR_TARGET_35)",
					"$(LIBRARY_SEARCH_PATHS_QUOTED_FOR_TARGET_36)",
					"$(LIBRARY_SEARCH_PATHS_QUOTED_FOR_TARGET_37)",
					"$(LIBRARY_SEARCH_PATHS_QUOTED_FOR_TARGET_38)",
					"$(LIBRARY_SEARCH_PATHS_QUOTED_FOR_TARGET_39)",
					"$(LIBRARY_SEARCH_PATHS_QUOTED_FOR_TARGET_40)",
					"$(LIBRARY_SEARCH_PATHS_QUOTED_FOR_TARGET_41)",
					"$(LIBRARY_SEARCH_PATHS_QUOTED_FOR_TARGET_42)",
					"$(LIBRARY_SEARCH_PATHS_QUOTED_FOR_TARGET_43)",
					"$(LIBRARY_SEARCH_PATHS_QUOTED_FOR_TARGET_44)",
					"$(LIBRARY_SEARCH_PATHS_QUOTED_FOR_TARGET_45)",
					"$(LIBRARY_SEARCH_PATHS_QUOTED_FOR_TARGET_46)",
					"$(LIBRARY_SEARCH_PATHS_QUOTED_FOR_TARGET_47)",
					"$(LIBRARY_SEARCH_PATHS_QUOTED_FOR_TARGET_48)",
					"$(LIBRARY_SEARCH_PATHS_QUOTED_FOR_TARGET_49)",
					"$(LIBRARY_SEARCH_PATHS_QUOTED_FOR_TARGET_50)",
					"$(LIBRARY_SEARCH_PATHS_QUOTED_FOR_TARGET_51)",
					"$(LIBRARY_SEARCH_PATHS_QUOTED_FOR_TARGET_52)",
				);
				PRODUCT_NAME = ofxOscVariablesExampleDebug;
				WRAPPER_EXTENSION = app;
			};
			name = Debug;
		};
		E4B69B610A3A1757003C02F2 /* Release */ = {
			isa = XCBuildConfiguration;
			buildSettings = {
				COMBINE_HIDPI_IMAGES = YES;
				COPY_PHASE_STRIP = YES;
				FRAMEWORK_SEARCH_PATHS = (
					"$(inherited)",
					"$(FRAMEWORK_SEARCH_PATHS_QUOTED_FOR_TARGET_1)",
				);
				FRAMEWORK_SEARCH_PATHS_QUOTED_FOR_TARGET_1 = "\"$(SRCROOT)/../../../../libs/glut/lib/osx\"";
				GCC_GENERATE_DEBUGGING_SYMBOLS = YES;
				GCC_MODEL_TUNING = NONE;
				ICON = "$(ICON_NAME_RELEASE)";
				ICON_FILE = "$(ICON_FILE_PATH)$(ICON)";
				INFOPLIST_FILE = "openFrameworks-Info.plist";
				INSTALL_PATH = "$(HOME)/Applications";
				LIBRARY_SEARCH_PATHS = (
					"$(inherited)",
					"$(LIBRARY_SEARCH_PATHS_QUOTED_FOR_TARGET_1)",
					"$(LIBRARY_SEARCH_PATHS_QUOTED_FOR_TARGET_2)",
					"$(LIBRARY_SEARCH_PATHS_QUOTED_FOR_TARGET_3)",
					"$(LIBRARY_SEARCH_PATHS_QUOTED_FOR_TARGET_4)",
					"$(LIBRARY_SEARCH_PATHS_QUOTED_FOR_TARGET_5)",
					"$(LIBRARY_SEARCH_PATHS_QUOTED_FOR_TARGET_6)",
					"$(LIBRARY_SEARCH_PATHS_QUOTED_FOR_TARGET_7)",
					"$(LIBRARY_SEARCH_PATHS_QUOTED_FOR_TARGET_8)",
					"$(LIBRARY_SEARCH_PATHS_QUOTED_FOR_TARGET_9)",
					"$(LIBRARY_SEARCH_PATHS_QUOTED_FOR_TARGET_10)",
					"$(LIBRARY_SEARCH_PATHS_QUOTED_FOR_TARGET_11)",
					"$(LIBRARY_SEARCH_PATHS_QUOTED_FOR_TARGET_12)",
					"$(LIBRARY_SEARCH_PATHS_QUOTED_FOR_TARGET_13)",
					"$(LIBRARY_SEARCH_PATHS_QUOTED_FOR_TARGET_14)",
					"$(LIBRARY_SEARCH_PATHS_QUOTED_FOR_TARGET_15)",
					"$(LIBRARY_SEARCH_PATHS_QUOTED_FOR_TARGET_2)",
					"$(LIBRARY_SEARCH_PATHS_QUOTED_1)",
					"$(LIBRARY_SEARCH_PATHS_QUOTED_FOR_TARGET_3)",
					"$(LIBRARY_SEARCH_PATHS_QUOTED_FOR_TARGET_7)",
					"$(LIBRARY_SEARCH_PATHS_QUOTED_FOR_TARGET_8)",
					"$(LIBRARY_SEARCH_PATHS_QUOTED_FOR_TARGET_9)",
					"$(LIBRARY_SEARCH_PATHS_QUOTED_FOR_TARGET_10)",
					"$(LIBRARY_SEARCH_PATHS_QUOTED_FOR_TARGET_11)",
					"$(LIBRARY_SEARCH_PATHS_QUOTED_FOR_TARGET_12)",
					"$(LIBRARY_SEARCH_PATHS_QUOTED_FOR_TARGET_13)",
					"$(LIBRARY_SEARCH_PATHS_QUOTED_FOR_TARGET_16)",
					"$(LIBRARY_SEARCH_PATHS_QUOTED_FOR_TARGET_17)",
					"$(LIBRARY_SEARCH_PATHS_QUOTED_FOR_TARGET_18)",
					"$(LIBRARY_SEARCH_PATHS_QUOTED_FOR_TARGET_19)",
					"$(LIBRARY_SEARCH_PATHS_QUOTED_FOR_TARGET_20)",
					"$(LIBRARY_SEARCH_PATHS_QUOTED_FOR_TARGET_21)",
					"$(LIBRARY_SEARCH_PATHS_QUOTED_FOR_TARGET_22)",
					"$(LIBRARY_SEARCH_PATHS_QUOTED_FOR_TARGET_23)",
					"$(LIBRARY_SEARCH_PATHS_QUOTED_FOR_TARGET_24)",
					"$(LIBRARY_SEARCH_PATHS_QUOTED_FOR_TARGET_25)",
					"$(LIBRARY_SEARCH_PATHS_QUOTED_FOR_TARGET_26)",
					"$(LIBRARY_SEARCH_PATHS_QUOTED_FOR_TARGET_27)",
					"$(LIBRARY_SEARCH_PATHS_QUOTED_FOR_TARGET_28)",
					"$(LIBRARY_SEARCH_PATHS_QUOTED_FOR_TARGET_29)",
					"$(LIBRARY_SEARCH_PATHS_QUOTED_FOR_TARGET_30)",
					"$(LIBRARY_SEARCH_PATHS_QUOTED_FOR_TARGET_31)",
					"$(LIBRARY_SEARCH_PATHS_QUOTED_FOR_TARGET_32)",
					"$(LIBRARY_SEARCH_PATHS_QUOTED_FOR_TARGET_33)",
					"$(LIBRARY_SEARCH_PATHS_QUOTED_FOR_TARGET_34)",
					"$(LIBRARY_SEARCH_PATHS_QUOTED_FOR_TARGET_35)",
					"$(LIBRARY_SEARCH_PATHS_QUOTED_FOR_TARGET_36)",
					"$(LIBRARY_SEARCH_PATHS_QUOTED_FOR_TARGET_37)",
					"$(LIBRARY_SEARCH_PATHS_QUOTED_FOR_TARGET_38)",
					"$(LIBRARY_SEARCH_PATHS_QUOTED_FOR_TARGET_39)",
					"$(LIBRARY_SEARCH_PATHS_QUOTED_FOR_TARGET_40)",
					"$(LIBRARY_SEARCH_PATHS_QUOTED_FOR_TARGET_41)",
					"$(LIBRARY_SEARCH_PATHS_QUOTED_FOR_TARGET_42)",
					"$(LIBRARY_SEARCH_PATHS_QUOTED_FOR_TARGET_43)",
					"$(LIBRARY_SEARCH_PATHS_QUOTED_FOR_TARGET_44)",
					"$(LIBRARY_SEARCH_PATHS_QUOTED_FOR_TARGET_45)",
					"$(LIBRARY_SEARCH_PATHS_QUOTED_FOR_TARGET_46)",
					"$(LIBRARY_SEARCH_PATHS_QUOTED_FOR_TARGET_47)",
					"$(LIBRARY_SEARCH_PATHS_QUOTED_FOR_TARGET_48)",
					"$(LIBRARY_SEARCH_PATHS_QUOTED_FOR_TARGET_49)",
					"$(LIBRARY_SEARCH_PATHS_QUOTED_FOR_TARGET_50)",
					"$(LIBRARY_SEARCH_PATHS_QUOTED_FOR_TARGET_51)",
				);
				PRODUCT_NAME = ofxOscVariablesExample;
				WRAPPER_EXTENSION = app;
			};
			name = Release;
		};
/* End XCBuildConfiguration section */

/* Begin XCConfigurationList section */
		E4B69B4D0A3A1720003C02F2 /* Build configuration list for PBXProject "ofxOscVariablesExample" */ = {
			isa = XCConfigurationList;
			buildConfigurations = (
				E4B69B4E0A3A1720003C02F2 /* Debug */,
				E4B69B4F0A3A1720003C02F2 /* Release */,
			);
			defaultConfigurationIsVisible = 0;
			defaultConfigurationName = Release;
		};
		E4B69B5F0A3A1757003C02F2 /* Build configuration list for PBXNativeTarget "ofxOscVariablesExample" */ = {
			isa = XCConfigurationList;
			buildConfigurations = (
				E4B69B600A3A1757003C02F2 /* Debug */,
				E4B69B610A3A1757003C02F2 /* Release */,
			);
			defaultConfigurationIsVisible = 0;
			defaultConfigurationName = Release;
		};
/* End XCConfigurationList section */
	};
	rootObject = E4B69B4C0A3A1720003C02F2 /* Project object */;
}
